PODS:
  - APAddressBook (0.1.4):
    - APAddressBook/Core
  - APAddressBook/Core (0.1.4)
  - BButton (4.0.1)

DEPENDENCIES:
  - APAddressBook
  - BButton

SPEC CHECKSUMS:
  APAddressBook: 2b23557950065f8eb048e421dd4a18373f69949b
  BButton: 396a5e59648e3f687b7d8201b88ebdbad6e36b59

COCOAPODS: 0.33.1
